
Microsoft Visual Studio Solution File, Format Version 12.00
# Visual Studio Version 16
VisualStudioVersion = 16.0.31424.327
MinimumVisualStudioVersion = 10.0.40219.1
Project("{9A19103F-16F7-4668-BE54-9A1E7A4F7556}") = "PS.Memory.FileCache", "PS.Memory.FileCache\PS.Memory.FileCache.csproj", "{50DF8AA4-1F9A-4DEC-A506-FBA3E9D962E7}"
EndProject
Project("{9A19103F-16F7-4668-BE54-9A1E7A4F7556}") = "PS.Memory.FileCache.Tests", "PS.Memory.FileCache.Tests\PS.Memory.FileCache.Tests.csproj", "{E5C9BB29-FBB4-45C8-990E-BA8FE5F90D60}"
EndProject
Global
	GlobalSection(SolutionConfigurationPlatforms) = preSolution
		Debug|Any CPU = Debug|Any CPU
		Release|Any CPU = Release|Any CPU
	EndGlobalSection
	GlobalSection(ProjectConfigurationPlatforms) = postSolution
		{50DF8AA4-1F9A-4DEC-A506-FBA3E9D962E7}.Debug|Any CPU.ActiveCfg = Debug|Any CPU
		{50DF8AA4-1F9A-4DEC-A506-FBA3E9D962E7}.Debug|Any CPU.Build.0 = Debug|Any CPU
		{50DF8AA4-1F9A-4DEC-A506-FBA3E9D962E7}.Release|Any CPU.ActiveCfg = Release|Any CPU
		{50DF8AA4-1F9A-4DEC-A506-FBA3E9D962E7}.Release|Any CPU.Build.0 = Release|Any CPU
		{E5C9BB29-FBB4-45C8-990E-BA8FE5F90D60}.Debug|Any CPU.ActiveCfg = Debug|Any CPU
		{E5C9BB29-FBB4-45C8-990E-BA8FE5F90D60}.Debug|Any CPU.Build.0 = Debug|Any CPU
		{E5C9BB29-FBB4-45C8-990E-BA8FE5F90D60}.Release|Any CPU.ActiveCfg = Release|Any CPU
		{E5C9BB29-FBB4-45C8-990E-BA8FE5F90D60}.Release|Any CPU.Build.0 = Release|Any CPU
	EndGlobalSection
	GlobalSection(SolutionProperties) = preSolution
		HideSolutionNode = FALSE
	EndGlobalSection
	GlobalSection(ExtensibilityGlobals) = postSolution
		SolutionGuid = {64A829EC-0D8E-4F96-85A6-80E5EDB7315D}
	EndGlobalSection
EndGlobal
